
Microsoft Visual Studio Solution File, Format Version 12.00
# Visual Studio Version 16
VisualStudioVersion = 16.0.28803.202
MinimumVisualStudioVersion = 10.0.40219.1
Project("{9A19103F-16F7-4668-BE54-9A1E7A4F7556}") = "AccountOwnerServer", "AccountOwnerServer\AccountOwnerServer.csproj", "{6BE6C3C1-76D7-4133-9D0E-1AF179706B94}"
EndProject
Project("{9A19103F-16F7-4668-BE54-9A1E7A4F7556}") = "Contracts", "Contracts\Contracts.csproj", "{90CAA1D1-090F-40F9-B49B-9DDFA6B7B8DD}"
EndProject
Project("{9A19103F-16F7-4668-BE54-9A1E7A4F7556}") = "LoggerService", "LoggerService\LoggerService.csproj", "{5608C960-1096-495D-82E0-FDF19B842FBB}"
EndProject
Project("{9A19103F-16F7-4668-BE54-9A1E7A4F7556}") = "Entities", "Entities\Entities.csproj", "{FE5D3AE5-9D14-4359-ACA9-70C56F27740E}"
EndProject
Project("{FAE04EC0-301F-11D3-BF4B-00C04F79EFBC}") = "Repository", "Repository\Repository.csproj", "{3E8B6ADB-2098-49DC-8F5A-1D5D746574C6}"
EndProject
Global
	GlobalSection(SolutionConfigurationPlatforms) = preSolution
		Debug|Any CPU = Debug|Any CPU
		Release|Any CPU = Release|Any CPU
	EndGlobalSection
	GlobalSection(ProjectConfigurationPlatforms) = postSolution
		{6BE6C3C1-76D7-4133-9D0E-1AF179706B94}.Debug|Any CPU.ActiveCfg = Debug|Any CPU
		{6BE6C3C1-76D7-4133-9D0E-1AF179706B94}.Debug|Any CPU.Build.0 = Debug|Any CPU
		{6BE6C3C1-76D7-4133-9D0E-1AF179706B94}.Release|Any CPU.ActiveCfg = Release|Any CPU
		{6BE6C3C1-76D7-4133-9D0E-1AF179706B94}.Release|Any CPU.Build.0 = Release|Any CPU
		{90CAA1D1-090F-40F9-B49B-9DDFA6B7B8DD}.Debug|Any CPU.ActiveCfg = Debug|Any CPU
		{90CAA1D1-090F-40F9-B49B-9DDFA6B7B8DD}.Debug|Any CPU.Build.0 = Debug|Any CPU
		{90CAA1D1-090F-40F9-B49B-9DDFA6B7B8DD}.Release|Any CPU.ActiveCfg = Release|Any CPU
		{90CAA1D1-090F-40F9-B49B-9DDFA6B7B8DD}.Release|Any CPU.Build.0 = Release|Any CPU
		{5608C960-1096-495D-82E0-FDF19B842FBB}.Debug|Any CPU.ActiveCfg = Debug|Any CPU
		{5608C960-1096-495D-82E0-FDF19B842FBB}.Debug|Any CPU.Build.0 = Debug|Any CPU
		{5608C960-1096-495D-82E0-FDF19B842FBB}.Release|Any CPU.ActiveCfg = Release|Any CPU
		{5608C960-1096-495D-82E0-FDF19B842FBB}.Release|Any CPU.Build.0 = Release|Any CPU
		{FE5D3AE5-9D14-4359-ACA9-70C56F27740E}.Debug|Any CPU.ActiveCfg = Debug|Any CPU
		{FE5D3AE5-9D14-4359-ACA9-70C56F27740E}.Debug|Any CPU.Build.0 = Debug|Any CPU
		{FE5D3AE5-9D14-4359-ACA9-70C56F27740E}.Release|Any CPU.ActiveCfg = Release|Any CPU
		{FE5D3AE5-9D14-4359-ACA9-70C56F27740E}.Release|Any CPU.Build.0 = Release|Any CPU
		{3E8B6ADB-2098-49DC-8F5A-1D5D746574C6}.Debug|Any CPU.ActiveCfg = Debug|Any CPU
		{3E8B6ADB-2098-49DC-8F5A-1D5D746574C6}.Debug|Any CPU.Build.0 = Debug|Any CPU
		{3E8B6ADB-2098-49DC-8F5A-1D5D746574C6}.Release|Any CPU.ActiveCfg = Release|Any CPU
		{3E8B6ADB-2098-49DC-8F5A-1D5D746574C6}.Release|Any CPU.Build.0 = Release|Any CPU
	EndGlobalSection
	GlobalSection(SolutionProperties) = preSolution
		HideSolutionNode = FALSE
	EndGlobalSection
	GlobalSection(ExtensibilityGlobals) = postSolution
		SolutionGuid = {89575010-E193-4F04-85EE-2077759C489B}
	EndGlobalSection
EndGlobal
